
Microsoft Visual Studio Solution File, Format Version 12.00
# Visual Studio Version 17
VisualStudioVersion = 17.14.36327.8 d17.14
MinimumVisualStudioVersion = 10.0.40219.1
Project("{FAE04EC0-301F-11D3-BF4B-00C04F79EFBC}") = "Silkipelago", "Silkipelago\Silkipelago.csproj", "{6683D9B3-AEAF-4C4C-BCC0-69714F1E8C50}"
EndProject
Global
	GlobalSection(SolutionConfigurationPlatforms) = preSolution
		Debug|Any CPU = Debug|Any CPU
		Release|Any CPU = Release|Any CPU
	EndGlobalSection
	GlobalSection(ProjectConfigurationPlatforms) = postSolution
		{6683D9B3-AEAF-4C4C-BCC0-69714F1E8C50}.Debug|Any CPU.ActiveCfg = Debug|Any CPU
		{6683D9B3-AEAF-4C4C-BCC0-69714F1E8C50}.Debug|Any CPU.Build.0 = Debug|Any CPU
		{6683D9B3-AEAF-4C4C-BCC0-69714F1E8C50}.Release|Any CPU.ActiveCfg = Release|Any CPU
		{6683D9B3-AEAF-4C4C-BCC0-69714F1E8C50}.Release|Any CPU.Build.0 = Release|Any CPU
	EndGlobalSection
	GlobalSection(SolutionProperties) = preSolution
		HideSolutionNode = FALSE
	EndGlobalSection
	GlobalSection(ExtensibilityGlobals) = postSolution
		SolutionGuid = {D47AF113-7E4B-43DA-8BEB-78EE065BCAC6}
	EndGlobalSection
EndGlobal
